// !$*UTF8*$!
{
	archiveVersion = 1;
	classes = {
	};
	objectVersion = 50;
	objects = {

/* Begin PBXBuildFile section */
		CF2F5EF0209CAD9D006139B0 /* AppDelegate.swift in Sources */ = {isa = PBXBuildFile; fileRef = CF2F5EEF209CAD9D006139B0 /* AppDelegate.swift */; };
		CF2F5EF2209CAD9D006139B0 /* ViewController.swift in Sources */ = {isa = PBXBuildFile; fileRef = CF2F5EF1209CAD9D006139B0 /* ViewController.swift */; };
		CF2F5EF5209CAD9D006139B0 /* Main.storyboard in Resources */ = {isa = PBXBuildFile; fileRef = CF2F5EF3209CAD9D006139B0 /* Main.storyboard */; };
		CF2F5EF7209CAD9F006139B0 /* Assets.xcassets in Resources */ = {isa = PBXBuildFile; fileRef = CF2F5EF6209CAD9F006139B0 /* Assets.xcassets */; };
		CF2F5EFA209CAD9F006139B0 /* LaunchScreen.storyboard in Resources */ = {isa = PBXBuildFile; fileRef = CF2F5EF8209CAD9F006139B0 /* LaunchScreen.storyboard */; };
		CF2F5F05209CADA0006139B0 /* beaconTestTests.swift in Sources */ = {isa = PBXBuildFile; fileRef = CF2F5F04209CADA0006139B0 /* beaconTestTests.swift */; };
		CF2F5F10209CADA0006139B0 /* beaconTestUITests.swift in Sources */ = {isa = PBXBuildFile; fileRef = CF2F5F0F209CADA0006139B0 /* beaconTestUITests.swift */; };
		CF2F5F1F209CADD4006139B0 /* CoreLocation.framework in Frameworks */ = {isa = PBXBuildFile; fileRef = CF2F5F1E209CADD4006139B0 /* CoreLocation.framework */; };
/* End PBXBuildFile section */

/* Begin PBXContainerItemProxy section */
		CF2F5F01209CADA0006139B0 /* PBXContainerItemProxy */ = {
			isa = PBXContainerItemProxy;
			containerPortal = CF2F5EE4209CAD9D006139B0 /* Project object */;
			proxyType = 1;
			remoteGlobalIDString = CF2F5EEB209CAD9D006139B0;
			remoteInfo = beaconTest;
		};
		CF2F5F0C209CADA0006139B0 /* PBXContainerItemProxy */ = {
			isa = PBXContainerItemProxy;
			containerPortal = CF2F5EE4209CAD9D006139B0 /* Project object */;
			proxyType = 1;
			remoteGlobalIDString = CF2F5EEB209CAD9D006139B0;
			remoteInfo = beaconTest;
		};
/* End PBXContainerItemProxy section */

/* Begin PBXFileReference section */
		CF2F5EEC209CAD9D006139B0 /* beaconTest.app */ = {isa = PBXFileReference; explicitFileType = wrapper.application; includeInIndex = 0; path = beaconTest.app; sourceTree = BUILT_PRODUCTS_DIR; };
		CF2F5EEF209CAD9D006139B0 /* AppDelegate.swift */ = {isa = PBXFileReference; lastKnownFileType = sourcecode.swift; path = AppDelegate.swift; sourceTree = "<group>"; };
		CF2F5EF1209CAD9D006139B0 /* ViewController.swift */ = {isa = PBXFileReference; lastKnownFileType = sourcecode.swift; path = ViewController.swift; sourceTree = "<group>"; };
		CF2F5EF4209CAD9D006139B0 /* Base */ = {isa = PBXFileReference; lastKnownFileType = file.storyboard; name = Base; path = Base.lproj/Main.storyboard; sourceTree = "<group>"; };
		CF2F5EF6209CAD9F006139B0 /* Assets.xcassets */ = {isa = PBXFileReference; lastKnownFileType = folder.assetcatalog; path = Assets.xcassets; sourceTree = "<group>"; };
		CF2F5EF9209CAD9F006139B0 /* Base */ = {isa = PBXFileReference; lastKnownFileType = file.storyboard; name = Base; path = Base.lproj/LaunchScreen.storyboard; sourceTree = "<group>"; };
		CF2F5EFB209CAD9F006139B0 /* Info.plist */ = {isa = PBXFileReference; lastKnownFileType = text.plist.xml; path = Info.plist; sourceTree = "<group>"; };
		CF2F5F00209CADA0006139B0 /* beaconTestTests.xctest */ = {isa = PBXFileReference; explicitFileType = wrapper.cfbundle; includeInIndex = 0; path = beaconTestTests.xctest; sourceTree = BUILT_PRODUCTS_DIR; };
		CF2F5F04209CADA0006139B0 /* beaconTestTests.swift */ = {isa = PBXFileReference; lastKnownFileType = sourcecode.swift; path = beaconTestTests.swift; sourceTree = "<group>"; };
		CF2F5F06209CADA0006139B0 /* Info.plist */ = {isa = PBXFileReference; lastKnownFileType = text.plist.xml; path = Info.plist; sourceTree = "<group>"; };
		CF2F5F0B209CADA0006139B0 /* beaconTestUITests.xctest */ = {isa = PBXFileReference; explicitFileType = wrapper.cfbundle; includeInIndex = 0; path = beaconTestUITests.xctest; sourceTree = BUILT_PRODUCTS_DIR; };
		CF2F5F0F209CADA0006139B0 /* beaconTestUITests.swift */ = {isa = PBXFileReference; lastKnownFileType = sourcecode.swift; path = beaconTestUITests.swift; sourceTree = "<group>"; };
		CF2F5F11209CADA0006139B0 /* Info.plist */ = {isa = PBXFileReference; lastKnownFileType = text.plist.xml; path = Info.plist; sourceTree = "<group>"; };
		CF2F5F1E209CADD4006139B0 /* CoreLocation.framework */ = {isa = PBXFileReference; lastKnownFileType = wrapper.framework; name = CoreLocation.framework; path = System/Library/Frameworks/CoreLocation.framework; sourceTree = SDKROOT; };
/* End PBXFileReference section */

/* Begin PBXFrameworksBuildPhase section */
		CF2F5EE9209CAD9D006139B0 /* Frameworks */ = {
			isa = PBXFrameworksBuildPhase;
			buildActionMask = 2147483647;
			files = (
				CF2F5F1F209CADD4006139B0 /* CoreLocation.framework in Frameworks */,
			);
			runOnlyForDeploymentPostprocessing = 0;
		};
		CF2F5EFD209CADA0006139B0 /* Frameworks */ = {
			isa = PBXFrameworksBuildPhase;
			buildActionMask = 2147483647;
			files = (
			);
			runOnlyForDeploymentPostprocessing = 0;
		};
		CF2F5F08209CADA0006139B0 /* Frameworks */ = {
			isa = PBXFrameworksBuildPhase;
			buildActionMask = 2147483647;
			files = (
			);
			runOnlyForDeploymentPostprocessing = 0;
		};
/* End PBXFrameworksBuildPhase section */

/* Begin PBXGroup section */
		CF2F5EE3209CAD9D006139B0 = {
			isa = PBXGroup;
			children = (
				CF2F5EEE209CAD9D006139B0 /* beaconTest */,
				CF2F5F03209CADA0006139B0 /* beaconTestTests */,
				CF2F5F0E209CADA0006139B0 /* beaconTestUITests */,
				CF2F5EED209CAD9D006139B0 /* Products */,
				CF2F5F1D209CADD4006139B0 /* Frameworks */,
			);
			sourceTree = "<group>";
		};
		CF2F5EED209CAD9D006139B0 /* Products */ = {
			isa = PBXGroup;
			children = (
				CF2F5EEC209CAD9D006139B0 /* beaconTest.app */,
				CF2F5F00209CADA0006139B0 /* beaconTestTests.xctest */,
				CF2F5F0B209CADA0006139B0 /* beaconTestUITests.xctest */,
			);
			name = Products;
			sourceTree = "<group>";
		};
		CF2F5EEE209CAD9D006139B0 /* beaconTest */ = {
			isa = PBXGroup;
			children = (
				CF2F5EEF209CAD9D006139B0 /* AppDelegate.swift */,
				CF2F5EF1209CAD9D006139B0 /* ViewController.swift */,
				CF2F5EF3209CAD9D006139B0 /* Main.storyboard */,
				CF2F5EF6209CAD9F006139B0 /* Assets.xcassets */,
				CF2F5EF8209CAD9F006139B0 /* LaunchScreen.storyboard */,
				CF2F5EFB209CAD9F006139B0 /* Info.plist */,
			);
			path = beaconTest;
			sourceTree = "<group>";
		};
		CF2F5F03209CADA0006139B0 /* beaconTestTests */ = {
			isa = PBXGroup;
			children = (
				CF2F5F04209CADA0006139B0 /* beaconTestTests.swift */,
				CF2F5F06209CADA0006139B0 /* Info.plist */,
			);
			path = beaconTestTests;
			sourceTree = "<group>";
		};
		CF2F5F0E209CADA0006139B0 /* beaconTestUITests */ = {
			isa = PBXGroup;
			children = (
				CF2F5F0F209CADA0006139B0 /* beaconTestUITests.swift */,
				CF2F5F11209CADA0006139B0 /* Info.plist */,
			);
			path = beaconTestUITests;
			sourceTree = "<group>";
		};
		CF2F5F1D209CADD4006139B0 /* Frameworks */ = {
			isa = PBXGroup;
			children = (
				CF2F5F1E209CADD4006139B0 /* CoreLocation.framework */,
			);
			name = Frameworks;
			sourceTree = "<group>";
		};
/* End PBXGroup section */

/* Begin PBXNativeTarget section */
		CF2F5EEB209CAD9D006139B0 /* beaconTest */ = {
			isa = PBXNativeTarget;
			buildConfigurationList = CF2F5F14209CADA0006139B0 /* Build configuration list for PBXNativeTarget "beaconTest" */;
			buildPhases = (
				CF2F5EE8209CAD9D006139B0 /* Sources */,
				CF2F5EE9209CAD9D006139B0 /* Frameworks */,
				CF2F5EEA209CAD9D006139B0 /* Resources */,
			);
			buildRules = (
			);
			dependencies = (
			);
			name = beaconTest;
			productName = beaconTest;
			productReference = CF2F5EEC209CAD9D006139B0 /* beaconTest.app */;
			productType = "com.apple.product-type.application";
		};
		CF2F5EFF209CADA0006139B0 /* beaconTestTests */ = {
			isa = PBXNativeTarget;
			buildConfigurationList = CF2F5F17209CADA0006139B0 /* Build configuration list for PBXNativeTarget "beaconTestTests" */;
			buildPhases = (
				CF2F5EFC209CADA0006139B0 /* Sources */,
				CF2F5EFD209CADA0006139B0 /* Frameworks */,
				CF2F5EFE209CADA0006139B0 /* Resources */,
			);
			buildRules = (
			);
			dependencies = (
				CF2F5F02209CADA0006139B0 /* PBXTargetDependency */,
			);
			name = beaconTestTests;
			productName = beaconTestTests;
			productReference = CF2F5F00209CADA0006139B0 /* beaconTestTests.xctest */;
			productType = "com.apple.product-type.bundle.unit-test";
		};
		CF2F5F0A209CADA0006139B0 /* beaconTestUITests */ = {
			isa = PBXNativeTarget;
			buildConfigurationList = CF2F5F1A209CADA0006139B0 /* Build configuration list for PBXNativeTarget "beaconTestUITests" */;
			buildPhases = (
				CF2F5F07209CADA0006139B0 /* Sources */,
				CF2F5F08209CADA0006139B0 /* Frameworks */,
				CF2F5F09209CADA0006139B0 /* Resources */,
			);
			buildRules = (
			);
			dependencies = (
				CF2F5F0D209CADA0006139B0 /* PBXTargetDependency */,
			);
			name = beaconTestUITests;
			productName = beaconTestUITests;
			productReference = CF2F5F0B209CADA0006139B0 /* beaconTestUITests.xctest */;
			productType = "com.apple.product-type.bundle.ui-testing";
		};
/* End PBXNativeTarget section */

/* Begin PBXProject section */
		CF2F5EE4209CAD9D006139B0 /* Project object */ = {
			isa = PBXProject;
			attributes = {
				LastSwiftUpdateCheck = 0930;
				LastUpgradeCheck = 0930;
				ORGANIZATIONNAME = "masataka oba";
				TargetAttributes = {
					CF2F5EEB209CAD9D006139B0 = {
						CreatedOnToolsVersion = 9.3;
						LastSwiftMigration = 1020;
						SystemCapabilities = {
							com.apple.BackgroundModes = {
								enabled = 1;
							};
						};
					};
					CF2F5EFF209CADA0006139B0 = {
						CreatedOnToolsVersion = 9.3;
						LastSwiftMigration = 1020;
						TestTargetID = CF2F5EEB209CAD9D006139B0;
					};
					CF2F5F0A209CADA0006139B0 = {
						CreatedOnToolsVersion = 9.3;
						LastSwiftMigration = 1020;
						TestTargetID = CF2F5EEB209CAD9D006139B0;
					};
				};
			};
			buildConfigurationList = CF2F5EE7209CAD9D006139B0 /* Build configuration list for PBXProject "beaconTest" */;
			compatibilityVersion = "Xcode 9.3";
			developmentRegion = en;
			hasScannedForEncodings = 0;
			knownRegions = (
				en,
				Base,
			);
			mainGroup = CF2F5EE3209CAD9D006139B0;
			productRefGroup = CF2F5EED209CAD9D006139B0 /* Products */;
			projectDirPath = "";
			projectRoot = "";
			targets = (
				CF2F5EEB209CAD9D006139B0 /* beaconTest */,
				CF2F5EFF209CADA0006139B0 /* beaconTestTests */,
				CF2F5F0A209CADA0006139B0 /* beaconTestUITests */,
			);
		};
/* End PBXProject section */

/* Begin PBXResourcesBuildPhase section */
		CF2F5EEA209CAD9D006139B0 /* Resources */ = {
			isa = PBXResourcesBuildPhase;
			buildActionMask = 2147483647;
			files = (
				CF2F5EFA209CAD9F006139B0 /* LaunchScreen.storyboard in Resources */,
				CF2F5EF7209CAD9F006139B0 /* Assets.xcassets in Resources */,
				CF2F5EF5209CAD9D006139B0 /* Main.storyboard in Resources */,
			);
			runOnlyForDeploymentPostprocessing = 0;
		};
		CF2F5EFE209CADA0006139B0 /* Resources */ = {
			isa = PBXResourcesBuildPhase;
			buildActionMask = 2147483647;
			files = (
			);
			runOnlyForDeploymentPostprocessing = 0;
		};
		CF2F5F09209CADA0006139B0 /* Resources */ = {
			isa = PBXResourcesBuildPhase;
			buildActionMask = 2147483647;
			files = (
			);
			runOnlyForDeploymentPostprocessing = 0;
		};
/* End PBXResourcesBuildPhase section */

/* Begin PBXSourcesBuildPhase section */
		CF2F5EE8209CAD9D006139B0 /* Sources */ = {
			isa = PBXSourcesBuildPhase;
			buildActionMask = 2147483647;
			files = (
				CF2F5EF2209CAD9D006139B0 /* ViewController.swift in Sources */,
				CF2F5EF0209CAD9D006139B0 /* AppDelegate.swift in Sources */,
			);
			runOnlyForDeploymentPostprocessing = 0;
		};
		CF2F5EFC209CADA0006139B0 /* Sources */ = {
			isa = PBXSourcesBuildPhase;
			buildActionMask = 2147483647;
			files = (
				CF2F5F05209CADA0006139B0 /* beaconTestTests.swift in Sources */,
			);
			runOnlyForDeploymentPostprocessing = 0;
		};
		CF2F5F07209CADA0006139B0 /* Sources */ = {
			isa = PBXSourcesBuildPhase;
			buildActionMask = 2147483647;
			files = (
				CF2F5F10209CADA0006139B0 /* beaconTestUITests.swift in Sources */,
			);
			runOnlyForDeploymentPostprocessing = 0;
		};
/* End PBXSourcesBuildPhase section */

/* Begin PBXTargetDependency section */
		CF2F5F02209CADA0006139B0 /* PBXTargetDependency */ = {
			isa = PBXTargetDependency;
			target = CF2F5EEB209CAD9D006139B0 /* beaconTest */;
			targetProxy = CF2F5F01209CADA0006139B0 /* PBXContainerItemProxy */;
		};
		CF2F5F0D209CADA0006139B0 /* PBXTargetDependency */ = {
			isa = PBXTargetDependency;
			target = CF2F5EEB209CAD9D006139B0 /* beaconTest */;
			targetProxy = CF2F5F0C209CADA0006139B0 /* PBXContainerItemProxy */;
		};
/* End PBXTargetDependency section */

/* Begin PBXVariantGroup section */
		CF2F5EF3209CAD9D006139B0 /* Main.storyboard */ = {
			isa = PBXVariantGroup;
			children = (
				CF2F5EF4209CAD9D006139B0 /* Base */,
			);
			name = Main.storyboard;
			sourceTree = "<group>";
		};
		CF2F5EF8209CAD9F006139B0 /* LaunchScreen.storyboard */ = {
			isa = PBXVariantGroup;
			children = (
				CF2F5EF9209CAD9F006139B0 /* Base */,
			);
			name = LaunchScreen.storyboard;
			sourceTree = "<group>";
		};
/* End PBXVariantGroup section */

/* Begin XCBuildConfiguration section */
		CF2F5F12209CADA0006139B0 /* Debug */ = {
			isa = XCBuildConfiguration;
			buildSettings = {
				ALWAYS_SEARCH_USER_PATHS = NO;
				CLANG_ANALYZER_NONNULL = YES;
				CLANG_ANALYZER_NUMBER_OBJECT_CONVERSION = YES_AGGRESSIVE;
				CLANG_CXX_LANGUAGE_STANDARD = "gnu++14";
				CLANG_CXX_LIBRARY = "libc++";
				CLANG_ENABLE_MODULES = YES;
				CLANG_ENABLE_OBJC_ARC = YES;
				CLANG_ENABLE_OBJC_WEAK = YES;
				CLANG_WARN_BLOCK_CAPTURE_AUTORELEASING = YES;
				CLANG_WARN_BOOL_CONVERSION = YES;
				CLANG_WARN_COMMA = YES;
				CLANG_WARN_CONSTANT_CONVERSION = YES;
				CLANG_WARN_DEPRECATED_OBJC_IMPLEMENTATIONS = YES;
				CLANG_WARN_DIRECT_OBJC_ISA_USAGE = YES_ERROR;
				CLANG_WARN_DOCUMENTATION_COMMENTS = YES;
				CLANG_WARN_EMPTY_BODY = YES;
				CLANG_WARN_ENUM_CONVERSION = YES;
				CLANG_WARN_INFINITE_RECURSION = YES;
				CLANG_WARN_INT_CONVERSION = YES;
				CLANG_WARN_NON_LITERAL_NULL_CONVERSION = YES;
				CLANG_WARN_OBJC_IMPLICIT_RETAIN_SELF = YES;
				CLANG_WARN_OBJC_LITERAL_CONVERSION = YES;
				CLANG_WARN_OBJC_ROOT_CLASS = YES_ERROR;
				CLANG_WARN_RANGE_LOOP_ANALYSIS = YES;
				CLANG_WARN_STRICT_PROTOTYPES = YES;
				CLANG_WARN_SUSPICIOUS_MOVE = YES;
				CLANG_WARN_UNGUARDED_AVAILABILITY = YES_AGGRESSIVE;
				CLANG_WARN_UNREACHABLE_CODE = YES;
				CLANG_WARN__DUPLICATE_METHOD_MATCH = YES;
				CODE_SIGN_IDENTITY = "iPhone Developer";
				COPY_PHASE_STRIP = NO;
				DEBUG_INFORMATION_FORMAT = dwarf;
				ENABLE_STRICT_OBJC_MSGSEND = YES;
				ENABLE_TESTABILITY = YES;
				GCC_C_LANGUAGE_STANDARD = gnu11;
				GCC_DYNAMIC_NO_PIC = NO;
				GCC_NO_COMMON_BLOCKS = YES;
				GCC_OPTIMIZATION_LEVEL = 0;
				GCC_PREPROCESSOR_DEFINITIONS = (
					"DEBUG=1",
					"$(inherited)",
				);
				GCC_WARN_64_TO_32_BIT_CONVERSION = YES;
				GCC_WARN_ABOUT_RETURN_TYPE = YES_ERROR;
				GCC_WARN_UNDECLARED_SELECTOR = YES;
				GCC_WARN_UNINITIALIZED_AUTOS = YES_AGGRESSIVE;
				GCC_WARN_UNUSED_FUNCTION = YES;
				GCC_WARN_UNUSED_VARIABLE = YES;
				IPHONEOS_DEPLOYMENT_TARGET = 11.3;
				MTL_ENABLE_DEBUG_INFO = YES;
				ONLY_ACTIVE_ARCH = YES;
				SDKROOT = iphoneos;
				SWIFT_ACTIVE_COMPILATION_CONDITIONS = DEBUG;
				SWIFT_OPTIMIZATION_LEVEL = "-Onone";
			};
			name = Debug;
		};
		CF2F5F13209CADA0006139B0 /* Release */ = {
			isa = XCBuildConfiguration;
			buildSettings = {
				ALWAYS_SEARCH_USER_PATHS = NO;
				CLANG_ANALYZER_NONNULL = YES;
				CLANG_ANALYZER_NUMBER_OBJECT_CONVERSION = YES_AGGRESSIVE;
				CLANG_CXX_LANGUAGE_STANDARD = "gnu++14";
				CLANG_CXX_LIBRARY = "libc++";
				CLANG_ENABLE_MODULES = YES;
				CLANG_ENABLE_OBJC_ARC = YES;
				CLANG_ENABLE_OBJC_WEAK = YES;
				CLANG_WARN_BLOCK_CAPTURE_AUTORELEASING = YES;
				CLANG_WARN_BOOL_CONVERSION = YES;
				CLANG_WARN_COMMA = YES;
				CLANG_WARN_CONSTANT_CONVERSION = YES;
				CLANG_WARN_DEPRECATED_OBJC_IMPLEMENTATIONS = YES;
				CLANG_WARN_DIRECT_OBJC_ISA_USAGE = YES_ERROR;
				CLANG_WARN_DOCUMENTATION_COMMENTS = YES;
				CLANG_WARN_EMPTY_BODY = YES;
				CLANG_WARN_ENUM_CONVERSION = YES;
				CLANG_WARN_INFINITE_RECURSION = YES;
				CLANG_WARN_INT_CONVERSION = YES;
				CLANG_WARN_NON_LITERAL_NULL_CONVERSION = YES;
				CLANG_WARN_OBJC_IMPLICIT_RETAIN_SELF = YES;
				CLANG_WARN_OBJC_LITERAL_CONVERSION = YES;
				CLANG_WARN_OBJC_ROOT_CLASS = YES_ERROR;
				CLANG_WARN_RANGE_LOOP_ANALYSIS = YES;
				CLANG_WARN_STRICT_PROTOTYPES = YES;
				CLANG_WARN_SUSPICIOUS_MOVE = YES;
				CLANG_WARN_UNGUARDED_AVAILABILITY = YES_AGGRESSIVE;
				CLANG_WARN_UNREACHABLE_CODE = YES;
				CLANG_WARN__DUPLICATE_METHOD_MATCH = YES;
				CODE_SIGN_IDENTITY = "iPhone Developer";
				COPY_PHASE_STRIP = NO;
				DEBUG_INFORMATION_FORMAT = "dwarf-with-dsym";
				ENABLE_NS_ASSERTIONS = NO;
				ENABLE_STRICT_OBJC_MSGSEND = YES;
				GCC_C_LANGUAGE_STANDARD = gnu11;
				GCC_NO_COMMON_BLOCKS = YES;
				GCC_WARN_64_TO_32_BIT_CONVERSION = YES;
				GCC_WARN_ABOUT_RETURN_TYPE = YES_ERROR;
				GCC_WARN_UNDECLARED_SELECTOR = YES;
				GCC_WARN_UNINITIALIZED_AUTOS = YES_AGGRESSIVE;
				GCC_WARN_UNUSED_FUNCTION = YES;
				GCC_WARN_UNUSED_VARIABLE = YES;
				IPHONEOS_DEPLOYMENT_TARGET = 11.3;
				MTL_ENABLE_DEBUG_INFO = NO;
				SDKROOT = iphoneos;
				SWIFT_COMPILATION_MODE = wholemodule;
				SWIFT_OPTIMIZATION_LEVEL = "-O";
				VALIDATE_PRODUCT = YES;
			};
			name = Release;
		};
		CF2F5F15209CADA0006139B0 /* Debug */ = {
			isa = XCBuildConfiguration;
			buildSettings = {
				ASSETCATALOG_COMPILER_APPICON_NAME = AppIcon;
				CODE_SIGN_STYLE = Automatic;
				DEVELOPMENT_TEAM = GNN94D9LHJ;
				INFOPLIST_FILE = beaconTest/Info.plist;
				LD_RUNPATH_SEARCH_PATHS = (
					"$(inherited)",
					"@executable_path/Frameworks",
				);
				PRODUCT_BUNDLE_IDENTIFIER = com.masataka.beaconTest;
				PRODUCT_NAME = "$(TARGET_NAME)";
				SWIFT_VERSION = 5.0;
				TARGETED_DEVICE_FAMILY = "1,2";
			};
			name = Debug;
		};
		CF2F5F16209CADA0006139B0 /* Release */ = {
			isa = XCBuildConfiguration;
			buildSettings = {
				ASSETCATALOG_COMPILER_APPICON_NAME = AppIcon;
				CODE_SIGN_STYLE = Automatic;
				DEVELOPMENT_TEAM = GNN94D9LHJ;
				INFOPLIST_FILE = beaconTest/Info.plist;
				LD_RUNPATH_SEARCH_PATHS = (
					"$(inherited)",
					"@executable_path/Frameworks",
				);
				PRODUCT_BUNDLE_IDENTIFIER = com.masataka.beaconTest;
				PRODUCT_NAME = "$(TARGET_NAME)";
				SWIFT_VERSION = 5.0;
				TARGETED_DEVICE_FAMILY = "1,2";
			};
			name = Release;
		};
		CF2F5F18209CADA0006139B0 /* Debug */ = {
			isa = XCBuildConfiguration;
			buildSettings = {
				ALWAYS_EMBED_SWIFT_STANDARD_LIBRARIES = YES;
				BUNDLE_LOADER = "$(TEST_HOST)";
				CODE_SIGN_STYLE = Automatic;
				DEVELOPMENT_TEAM = GNN94D9LHJ;
				INFOPLIST_FILE = beaconTestTests/Info.plist;
				LD_RUNPATH_SEARCH_PATHS = (
					"$(inherited)",
					"@executable_path/Frameworks",
					"@loader_path/Frameworks",
				);
				PRODUCT_BUNDLE_IDENTIFIER = com.masatakaoba.beaconTestTests;
				PRODUCT_NAME = "$(TARGET_NAME)";
				SWIFT_VERSION = 5.0;
				TARGETED_DEVICE_FAMILY = "1,2";
				TEST_HOST = "$(BUILT_PRODUCTS_DIR)/beaconTest.app/beaconTest";
			};
			name = Debug;
		};
		CF2F5F19209CADA0006139B0 /* Release */ = {
			isa = XCBuildConfiguration;
			buildSettings = {
				ALWAYS_EMBED_SWIFT_STANDARD_LIBRARIES = YES;
				BUNDLE_LOADER = "$(TEST_HOST)";
				CODE_SIGN_STYLE = Automatic;
				DEVELOPMENT_TEAM = GNN94D9LHJ;
				INFOPLIST_FILE = beaconTestTests/Info.plist;
				LD_RUNPATH_SEARCH_PATHS = (
					"$(inherited)",
					"@executable_path/Frameworks",
					"@loader_path/Frameworks",
				);
				PRODUCT_BUNDLE_IDENTIFIER = com.masatakaoba.beaconTestTests;
				PRODUCT_NAME = "$(TARGET_NAME)";
				SWIFT_VERSION = 5.0;
				TARGETED_DEVICE_FAMILY = "1,2";
				TEST_HOST = "$(BUILT_PRODUCTS_DIR)/beaconTest.app/beaconTest";
			};
			name = Release;
		};
		CF2F5F1B209CADA0006139B0 /* Debug */ = {
			isa = XCBuildConfiguration;
			buildSettings = {
				ALWAYS_EMBED_SWIFT_STANDARD_LIBRARIES = YES;
				CODE_SIGN_STYLE = Automatic;
				DEVELOPMENT_TEAM = GNN94D9LHJ;
				INFOPLIST_FILE = beaconTestUITests/Info.plist;
				LD_RUNPATH_SEARCH_PATHS = (
					"$(inherited)",
					"@executable_path/Frameworks",
					"@loader_path/Frameworks",
				);
				PRODUCT_BUNDLE_IDENTIFIER = com.masatakaoba.beaconTestUITests;
				PRODUCT_NAME = "$(TARGET_NAME)";
				SWIFT_VERSION = 5.0;
				TARGETED_DEVICE_FAMILY = "1,2";
				TEST_TARGET_NAME = beaconTest;
			};
			name = Debug;
		};
		CF2F5F1C209CADA0006139B0 /* Release */ = {
			isa = XCBuildConfiguration;
			buildSettings = {
				ALWAYS_EMBED_SWIFT_STANDARD_LIBRARIES = YES;
				CODE_SIGN_STYLE = Automatic;
				DEVELOPMENT_TEAM = GNN94D9LHJ;
				INFOPLIST_FILE = beaconTestUITests/Info.plist;
				LD_RUNPATH_SEARCH_PATHS = (
					"$(inherited)",
					"@executable_path/Frameworks",
					"@loader_path/Frameworks",
				);
				PRODUCT_BUNDLE_IDENTIFIER = com.masatakaoba.beaconTestUITests;
				PRODUCT_NAME = "$(TARGET_NAME)";
				SWIFT_VERSION = 5.0;
				TARGETED_DEVICE_FAMILY = "1,2";
				TEST_TARGET_NAME = beaconTest;
			};
			name = Release;
		};
/* End XCBuildConfiguration section */

/* Begin XCConfigurationList section */
		CF2F5EE7209CAD9D006139B0 /* Build configuration list for PBXProject "beaconTest" */ = {
			isa = XCConfigurationList;
			buildConfigurations = (
				CF2F5F12209CADA0006139B0 /* Debug */,
				CF2F5F13209CADA0006139B0 /* Release */,
			);
			defaultConfigurationIsVisible = 0;
			defaultConfigurationName = Release;
		};
		CF2F5F14209CADA0006139B0 /* Build configuration list for PBXNativeTarget "beaconTest" */ = {
			isa = XCConfigurationList;
			buildConfigurations = (
				CF2F5F15209CADA0006139B0 /* Debug */,
				CF2F5F16209CADA0006139B0 /* Release */,
			);
			defaultConfigurationIsVisible = 0;
			defaultConfigurationName = Release;
		};
		CF2F5F17209CADA0006139B0 /* Build configuration list for PBXNativeTarget "beaconTestTests" */ = {
			isa = XCConfigurationList;
			buildConfigurations = (
				CF2F5F18209CADA0006139B0 /* Debug */,
				CF2F5F19209CADA0006139B0 /* Release */,
			);
			defaultConfigurationIsVisible = 0;
			defaultConfigurationName = Release;
		};
		CF2F5F1A209CADA0006139B0 /* Build configuration list for PBXNativeTarget "beaconTestUITests" */ = {
			isa = XCConfigurationList;
			buildConfigurations = (
				CF2F5F1B209CADA0006139B0 /* Debug */,
				CF2F5F1C209CADA0006139B0 /* Release */,
			);
			defaultConfigurationIsVisible = 0;
			defaultConfigurationName = Release;
		};
/* End XCConfigurationList section */
	};
	rootObject = CF2F5EE4209CAD9D006139B0 /* Project object */;
}
